
Microsoft Visual Studio Solution File, Format Version 12.00
# Visual Studio Version 17
VisualStudioVersion = 17.13.35919.96
MinimumVisualStudioVersion = 10.0.40219.1
Project("{FAE04EC0-301F-11D3-BF4B-00C04F79EFBC}") = "HardwareInventoryTrackerNew", "HardwareInventoryTrackerNew\HardwareInventoryTrackerNew.csproj", "{85EAAFD5-B6EA-D803-C5A0-A91EF57E1B50}"
EndProject
Project("{FAE04EC0-301F-11D3-BF4B-00C04F79EFBC}") = "myappupdater", "myappupdater\myappupdater.csproj", "{F74042DC-6DA3-E32A-AF5F-E6B5E3DC4BFF}"
EndProject
Global
	GlobalSection(SolutionConfigurationPlatforms) = preSolution
		Debug|Any CPU = Debug|Any CPU
		Release|Any CPU = Release|Any CPU
	EndGlobalSection
	GlobalSection(ProjectConfigurationPlatforms) = postSolution
		{85EAAFD5-B6EA-D803-C5A0-A91EF57E1B50}.Debug|Any CPU.ActiveCfg = Debug|Any CPU
		{85EAAFD5-B6EA-D803-C5A0-A91EF57E1B50}.Debug|Any CPU.Build.0 = Debug|Any CPU
		{85EAAFD5-B6EA-D803-C5A0-A91EF57E1B50}.Release|Any CPU.ActiveCfg = Release|Any CPU
		{85EAAFD5-B6EA-D803-C5A0-A91EF57E1B50}.Release|Any CPU.Build.0 = Release|Any CPU
		{F74042DC-6DA3-E32A-AF5F-E6B5E3DC4BFF}.Debug|Any CPU.ActiveCfg = Debug|Any CPU
		{F74042DC-6DA3-E32A-AF5F-E6B5E3DC4BFF}.Debug|Any CPU.Build.0 = Debug|Any CPU
		{F74042DC-6DA3-E32A-AF5F-E6B5E3DC4BFF}.Release|Any CPU.ActiveCfg = Release|Any CPU
		{F74042DC-6DA3-E32A-AF5F-E6B5E3DC4BFF}.Release|Any CPU.Build.0 = Release|Any CPU
	EndGlobalSection
	GlobalSection(SolutionProperties) = preSolution
		HideSolutionNode = FALSE
	EndGlobalSection
	GlobalSection(ExtensibilityGlobals) = postSolution
		SolutionGuid = {FBF77EF5-4040-4B4C-90ED-4BF2711E0707}
	EndGlobalSection
EndGlobal
